
Microsoft Visual Studio Solution File, Format Version 12.00
# Visual Studio Version 17
VisualStudioVersion = 17.3.32929.385
MinimumVisualStudioVersion = 10.0.40219.1
Project("{F184B08F-C81C-45F6-A57F-5ABD9991F28F}") = "WinFormsApp3", "WinFormsApp3\WinFormsApp3.vbproj", "{3B0B4699-FCB7-497D-BF89-1266E0045292}"
EndProject
Global
	GlobalSection(SolutionConfigurationPlatforms) = preSolution
		Debug|Any CPU = Debug|Any CPU
		Release|Any CPU = Release|Any CPU
	EndGlobalSection
	GlobalSection(ProjectConfigurationPlatforms) = postSolution
		{3B0B4699-FCB7-497D-BF89-1266E0045292}.Debug|Any CPU.ActiveCfg = Debug|Any CPU
		{3B0B4699-FCB7-497D-BF89-1266E0045292}.Debug|Any CPU.Build.0 = Debug|Any CPU
		{3B0B4699-FCB7-497D-BF89-1266E0045292}.Release|Any CPU.ActiveCfg = Release|Any CPU
		{3B0B4699-FCB7-497D-BF89-1266E0045292}.Release|Any CPU.Build.0 = Release|Any CPU
	EndGlobalSection
	GlobalSection(SolutionProperties) = preSolution
		HideSolutionNode = FALSE
	EndGlobalSection
	GlobalSection(ExtensibilityGlobals) = postSolution
		SolutionGuid = {7751D693-791E-4268-BF96-C49DF934B54C}
	EndGlobalSection
EndGlobal
